
Microsoft Visual Studio Solution File, Format Version 12.00
# Visual Studio 15
VisualStudioVersion = 15.0.27130.2026
MinimumVisualStudioVersion = 10.0.40219.1
Project("{FAE04EC0-301F-11D3-BF4B-00C04F79EFBC}") = "ULOController", "ULOController\ULOController.csproj", "{B0836722-573D-4D47-8FE9-414FBE812D4A}"
EndProject
Project("{FAE04EC0-301F-11D3-BF4B-00C04F79EFBC}") = "ULO", "ULO\ULO.csproj", "{99A70620-D011-403C-9BE3-2A91F4FB7A16}"
EndProject
Project("{2150E333-8FDC-42A3-9474-1A3956D46DE8}") = "Git", "Git", "{E1271B02-3AEF-4F93-9D55-A0D7D0925D17}"
	ProjectSection(SolutionItems) = preProject
		CHANGELOG = CHANGELOG
		README.md = README.md
	EndProjectSection
EndProject
Global
	GlobalSection(SolutionConfigurationPlatforms) = preSolution
		Debug|Any CPU = Debug|Any CPU
		Release|Any CPU = Release|Any CPU
	EndGlobalSection
	GlobalSection(ProjectConfigurationPlatforms) = postSolution
		{B0836722-573D-4D47-8FE9-414FBE812D4A}.Debug|Any CPU.ActiveCfg = Debug|Any CPU
		{B0836722-573D-4D47-8FE9-414FBE812D4A}.Debug|Any CPU.Build.0 = Debug|Any CPU
		{B0836722-573D-4D47-8FE9-414FBE812D4A}.Release|Any CPU.ActiveCfg = Release|Any CPU
		{B0836722-573D-4D47-8FE9-414FBE812D4A}.Release|Any CPU.Build.0 = Release|Any CPU
		{99A70620-D011-403C-9BE3-2A91F4FB7A16}.Debug|Any CPU.ActiveCfg = Debug|Any CPU
		{99A70620-D011-403C-9BE3-2A91F4FB7A16}.Debug|Any CPU.Build.0 = Debug|Any CPU
		{99A70620-D011-403C-9BE3-2A91F4FB7A16}.Release|Any CPU.ActiveCfg = Release|Any CPU
		{99A70620-D011-403C-9BE3-2A91F4FB7A16}.Release|Any CPU.Build.0 = Release|Any CPU
	EndGlobalSection
	GlobalSection(SolutionProperties) = preSolution
		HideSolutionNode = FALSE
	EndGlobalSection
	GlobalSection(ExtensibilityGlobals) = postSolution
		SolutionGuid = {42F597FB-F3E7-4BB8-B7C4-6BD9657E402F}
	EndGlobalSection
EndGlobal
